// !$*UTF8*$!
{
	archiveVersion = 1;
	classes = {
	};
	objectVersion = 46;
	objects = {

/* Begin PBXBuildFile section */
		4DEEAF9E1714377800CE180D /* UIKit.framework in Frameworks */ = {isa = PBXBuildFile; fileRef = 4DEEAF9D1714377800CE180D /* UIKit.framework */; };
		4DEEAFA01714377800CE180D /* Foundation.framework in Frameworks */ = {isa = PBXBuildFile; fileRef = 4DEEAF9F1714377800CE180D /* Foundation.framework */; };
		4DEEAFA21714377800CE180D /* CoreGraphics.framework in Frameworks */ = {isa = PBXBuildFile; fileRef = 4DEEAFA11714377800CE180D /* CoreGraphics.framework */; };
		4DEEAFA41714377800CE180D /* CoreData.framework in Frameworks */ = {isa = PBXBuildFile; fileRef = 4DEEAFA31714377800CE180D /* CoreData.framework */; };
		4DEEAFAA1714377800CE180D /* InfoPlist.strings in Resources */ = {isa = PBXBuildFile; fileRef = 4DEEAFA81714377800CE180D /* InfoPlist.strings */; };
		4DEEAFAC1714377800CE180D /* main.m in Sources */ = {isa = PBXBuildFile; fileRef = 4DEEAFAB1714377800CE180D /* main.m */; };
		4DEEAFB01714377800CE180D /* AppDelegate.m in Sources */ = {isa = PBXBuildFile; fileRef = 4DEEAFAF1714377800CE180D /* AppDelegate.m */; };
		4DEEAFB91714377800CE180D /* Jian.xcdatamodeld in Sources */ = {isa = PBXBuildFile; fileRef = 4DEEAFB71714377800CE180D /* Jian.xcdatamodeld */; };
		4DEEAFCB171437DC00CE180D /* JSONKit.m in Sources */ = {isa = PBXBuildFile; fileRef = 4DEEAFC1171437DC00CE180D /* JSONKit.m */; settings = {COMPILER_FLAGS = "-fno-objc-arc"; }; };
		4DEEAFCC171437DC00CE180D /* SinaWeibo.bundle in Resources */ = {isa = PBXBuildFile; fileRef = 4DEEAFC3171437DC00CE180D /* SinaWeibo.bundle */; };
		4DEEAFCD171437DC00CE180D /* SinaWeibo.m in Sources */ = {isa = PBXBuildFile; fileRef = 4DEEAFC5171437DC00CE180D /* SinaWeibo.m */; settings = {COMPILER_FLAGS = "-fno-objc-arc"; }; };
		4DEEAFCE171437DC00CE180D /* SinaWeiboAuthorizeView.m in Sources */ = {isa = PBXBuildFile; fileRef = 4DEEAFC7171437DC00CE180D /* SinaWeiboAuthorizeView.m */; settings = {COMPILER_FLAGS = "-fno-objc-arc"; }; };
		4DEEAFCF171437DC00CE180D /* SinaWeiboRequest.m in Sources */ = {isa = PBXBuildFile; fileRef = 4DEEAFCA171437DC00CE180D /* SinaWeiboRequest.m */; settings = {COMPILER_FLAGS = "-fno-objc-arc"; }; };
		4DEEAFD517143A0900CE180D /* loginbtn_03.png in Resources */ = {isa = PBXBuildFile; fileRef = 4DEEAFD317143A0900CE180D /* loginbtn_03.png */; };
		4DEEAFD617143A0900CE180D /* loginbtn_03@2x.png in Resources */ = {isa = PBXBuildFile; fileRef = 4DEEAFD417143A0900CE180D /* loginbtn_03@2x.png */; };
		4DEEAFD917143C3E00CE180D /* LoginViewController.m in Sources */ = {isa = PBXBuildFile; fileRef = 4DEEAFD817143C3E00CE180D /* LoginViewController.m */; };
		4DEEAFE41715B86100CE180D /* JianHome_timelineViewController.m in Sources */ = {isa = PBXBuildFile; fileRef = 4DEEAFE31715B86100CE180D /* JianHome_timelineViewController.m */; };
		4DEEAFEA1715BF3200CE180D /* JianDiscover_timelineViewController.m in Sources */ = {isa = PBXBuildFile; fileRef = 4DEEAFE91715BF3200CE180D /* JianDiscover_timelineViewController.m */; };
		4DEEAFED1715BF4F00CE180D /* JianCameraViewController.m in Sources */ = {isa = PBXBuildFile; fileRef = 4DEEAFEC1715BF4F00CE180D /* JianCameraViewController.m */; };
		4DEEAFF01715BF6A00CE180D /* JianDefaultViewController.m in Sources */ = {isa = PBXBuildFile; fileRef = 4DEEAFEF1715BF6900CE180D /* JianDefaultViewController.m */; };
		4DEEAFF41716DA6400CE180D /* Default.png in Resources */ = {isa = PBXBuildFile; fileRef = 4DEEAFF31716DA6400CE180D /* Default.png */; };
		4DEEAFF61716DB1E00CE180D /* Default@2x.png in Resources */ = {isa = PBXBuildFile; fileRef = 4DEEAFF51716DB1E00CE180D /* Default@2x.png */; };
		4DEEAFF81716E20300CE180D /* Default-568h@2x.png in Resources */ = {isa = PBXBuildFile; fileRef = 4DEEAFF71716E20300CE180D /* Default-568h@2x.png */; };
		4DEEAFFA1716E89700CE180D /* Default1.png in Resources */ = {isa = PBXBuildFile; fileRef = 4DEEAFF91716E89700CE180D /* Default1.png */; };
		4DEEB039171856AA00CE180D /* JianTabBar.m in Sources */ = {isa = PBXBuildFile; fileRef = 4DEEB038171856AA00CE180D /* JianTabBar.m */; };
		4DEEB03C1718570A00CE180D /* JianTab.m in Sources */ = {isa = PBXBuildFile; fileRef = 4DEEB03B1718570A00CE180D /* JianTab.m */; };
		4DEEB03F1718578800CE180D /* JianTabBarView.m in Sources */ = {isa = PBXBuildFile; fileRef = 4DEEB03E1718578800CE180D /* JianTabBarView.m */; };
		4DEEB042171857C800CE180D /* UINavigationController+JianTabBarController.m in Sources */ = {isa = PBXBuildFile; fileRef = 4DEEB041171857C800CE180D /* UINavigationController+JianTabBarController.m */; };
		4DEEB0451718581700CE180D /* UIViewController+JianTabBarControllerViewController.m in Sources */ = {isa = PBXBuildFile; fileRef = 4DEEB0441718581700CE180D /* UIViewController+JianTabBarControllerViewController.m */; };
		4DEEB048171858B300CE180D /* JianTabBarController.m in Sources */ = {isa = PBXBuildFile; fileRef = 4DEEB047171858B200CE180D /* JianTabBarController.m */; };
		4DEEB04A17185B8500CE180D /* AKTabBarController.bundle in Resources */ = {isa = PBXBuildFile; fileRef = 4DEEB04917185B8500CE180D /* AKTabBarController.bundle */; };
		4DEEB04C17185C9000CE180D /* QuartzCore.framework in Frameworks */ = {isa = PBXBuildFile; fileRef = 4DEEB04B17185C9000CE180D /* QuartzCore.framework */; };
		4DEEB05117185DE400CE180D /* noise-dark-blue.png in Resources */ = {isa = PBXBuildFile; fileRef = 4DEEB04D17185DE400CE180D /* noise-dark-blue.png */; };
		4DEEB05217185DE400CE180D /* noise-dark-blue@2x.png in Resources */ = {isa = PBXBuildFile; fileRef = 4DEEB04E17185DE400CE180D /* noise-dark-blue@2x.png */; };
		4DEEB05317185DE400CE180D /* noise-dark-gray.png in Resources */ = {isa = PBXBuildFile; fileRef = 4DEEB04F17185DE400CE180D /* noise-dark-gray.png */; };
		4DEEB05417185DE400CE180D /* noise-dark-gray@2x.png in Resources */ = {isa = PBXBuildFile; fileRef = 4DEEB05017185DE400CE180D /* noise-dark-gray@2x.png */; };
		4DEEB087171877E100CE180D /* JianCommentViewController.m in Sources */ = {isa = PBXBuildFile; fileRef = 4DEEB086171877E000CE180D /* JianCommentViewController.m */; };
		4DEEB08A17187CF300CE180D /* cameraicon.png in Resources */ = {isa = PBXBuildFile; fileRef = 4DEEB08817187CF000CE180D /* cameraicon.png */; };
		4DEEB08B17187CF300CE180D /* cameraicon@2x.png in Resources */ = {isa = PBXBuildFile; fileRef = 4DEEB08917187CF100CE180D /* cameraicon@2x.png */; };
		4DEEB09217187D0600CE180D /* defaulticon.png in Resources */ = {isa = PBXBuildFile; fileRef = 4DEEB08C17187D0100CE180D /* defaulticon.png */; };
		4DEEB09317187D0600CE180D /* defaulticon@2x.png in Resources */ = {isa = PBXBuildFile; fileRef = 4DEEB08D17187D0200CE180D /* defaulticon@2x.png */; };
		4DEEB09417187D0600CE180D /* discovericon.png in Resources */ = {isa = PBXBuildFile; fileRef = 4DEEB08E17187D0200CE180D /* discovericon.png */; };
		4DEEB09517187D0600CE180D /* discovericon@2x.png in Resources */ = {isa = PBXBuildFile; fileRef = 4DEEB08F17187D0300CE180D /* discovericon@2x.png */; };
		4DEEB09617187D0600CE180D /* homeicon.png in Resources */ = {isa = PBXBuildFile; fileRef = 4DEEB09017187D0400CE180D /* homeicon.png */; };
		4DEEB09717187D0600CE180D /* homeicon@2x.png in Resources */ = {isa = PBXBuildFile; fileRef = 4DEEB09117187D0500CE180D /* homeicon@2x.png */; };
		4DEEB09A17187E5500CE180D /* commenticon.png in Resources */ = {isa = PBXBuildFile; fileRef = 4DEEB09817187E5300CE180D /* commenticon.png */; };
		4DEEB09B17187E5500CE180D /* commenticon@2x.png in Resources */ = {isa = PBXBuildFile; fileRef = 4DEEB09917187E5400CE180D /* commenticon@2x.png */; };
		9F1B8BC91726BE110065BA5F /* fancybox_loading6.png in Resources */ = {isa = PBXBuildFile; fileRef = 9F1B8BBD1726BDF40065BA5F /* fancybox_loading6.png */; };
		9F1B8BCA1726BE110065BA5F /* fancybox_loading5.png in Resources */ = {isa = PBXBuildFile; fileRef = 9F1B8BBE1726BDF50065BA5F /* fancybox_loading5.png */; };
		9F1B8BCB1726BE110065BA5F /* fancybox_loading4.png in Resources */ = {isa = PBXBuildFile; fileRef = 9F1B8BBF1726BDF60065BA5F /* fancybox_loading4.png */; };
		9F1B8BCC1726BE110065BA5F /* fancybox_loading3.png in Resources */ = {isa = PBXBuildFile; fileRef = 9F1B8BC01726BDF70065BA5F /* fancybox_loading3.png */; };
		9F1B8BCD1726BE110065BA5F /* fancybox_loading2.png in Resources */ = {isa = PBXBuildFile; fileRef = 9F1B8BC11726BDF90065BA5F /* fancybox_loading2.png */; };
		9F1B8BCE1726BE110065BA5F /* fancybox_loading8.png in Resources */ = {isa = PBXBuildFile; fileRef = 9F1B8BC21726BDFB0065BA5F /* fancybox_loading8.png */; };
		9F1B8BCF1726BE110065BA5F /* fancybox_loading9.png in Resources */ = {isa = PBXBuildFile; fileRef = 9F1B8BC31726BDFD0065BA5F /* fancybox_loading9.png */; };
		9F1B8BD01726BE110065BA5F /* fancybox_loading10.png in Resources */ = {isa = PBXBuildFile; fileRef = 9F1B8BC41726BDFF0065BA5F /* fancybox_loading10.png */; };
		9F1B8BD11726BE110065BA5F /* fancybox_loading11.png in Resources */ = {isa = PBXBuildFile; fileRef = 9F1B8BC51726BE020065BA5F /* fancybox_loading11.png */; };
		9F1B8BD21726BE110065BA5F /* fancybox_loading12.png in Resources */ = {isa = PBXBuildFile; fileRef = 9F1B8BC61726BE050065BA5F /* fancybox_loading12.png */; };
		9F1B8BD31726BE110065BA5F /* fancybox_loading1.png in Resources */ = {isa = PBXBuildFile; fileRef = 9F1B8BC71726BE080065BA5F /* fancybox_loading1.png */; };
		9F1B8BD41726BE110065BA5F /* fancybox_loading7.png in Resources */ = {isa = PBXBuildFile; fileRef = 9F1B8BC81726BE0C0065BA5F /* fancybox_loading7.png */; };
		9F1B8BE21726DE5A0065BA5F /* EGORefreshTableHeaderView.m in Sources */ = {isa = PBXBuildFile; fileRef = 9F1B8BE11726DE5A0065BA5F /* EGORefreshTableHeaderView.m */; settings = {COMPILER_FLAGS = "-fno-objc-arc"; }; };
		9F1B8BE51726DE700065BA5F /* grayArrow.png in Resources */ = {isa = PBXBuildFile; fileRef = 9F1B8BE31726DE700065BA5F /* grayArrow.png */; };
		9F1B8BE61726DE700065BA5F /* grayArrow@2x.png in Resources */ = {isa = PBXBuildFile; fileRef = 9F1B8BE41726DE700065BA5F /* grayArrow@2x.png */; };
		9F1B8BEB1726DE830065BA5F /* blackArrow.png in Resources */ = {isa = PBXBuildFile; fileRef = 9F1B8BE71726DE830065BA5F /* blackArrow.png */; };
		9F1B8BEC1726DE830065BA5F /* blackArrow@2x.png in Resources */ = {isa = PBXBuildFile; fileRef = 9F1B8BE81726DE830065BA5F /* blackArrow@2x.png */; };
		9F1B8BED1726DE830065BA5F /* blueArrow.png in Resources */ = {isa = PBXBuildFile; fileRef = 9F1B8BE91726DE830065BA5F /* blueArrow.png */; };
		9F1B8BEE1726DE830065BA5F /* blueArrow@2x.png in Resources */ = {isa = PBXBuildFile; fileRef = 9F1B8BEA1726DE830065BA5F /* blueArrow@2x.png */; };
		9F1B8BF11726DE980065BA5F /* whiteArrow.png in Resources */ = {isa = PBXBuildFile; fileRef = 9F1B8BEF1726DE980065BA5F /* whiteArrow.png */; };
		9F1B8BF21726DE980065BA5F /* whiteArrow@2x.png in Resources */ = {isa = PBXBuildFile; fileRef = 9F1B8BF01726DE980065BA5F /* whiteArrow@2x.png */; };
/* End PBXBuildFile section */

/* Begin PBXFileReference section */
		4DEEAF9A1714377800CE180D /* Jian.app */ = {isa = PBXFileReference; explicitFileType = wrapper.application; includeInIndex = 0; path = Jian.app; sourceTree = BUILT_PRODUCTS_DIR; };
		4DEEAF9D1714377800CE180D /* UIKit.framework */ = {isa = PBXFileReference; lastKnownFileType = wrapper.framework; name = UIKit.framework; path = System/Library/Frameworks/UIKit.framework; sourceTree = SDKROOT; };
		4DEEAF9F1714377800CE180D /* Foundation.framework */ = {isa = PBXFileReference; lastKnownFileType = wrapper.framework; name = Foundation.framework; path = System/Library/Frameworks/Foundation.framework; sourceTree = SDKROOT; };
		4DEEAFA11714377800CE180D /* CoreGraphics.framework */ = {isa = PBXFileReference; lastKnownFileType = wrapper.framework; name = CoreGraphics.framework; path = System/Library/Frameworks/CoreGraphics.framework; sourceTree = SDKROOT; };
		4DEEAFA31714377800CE180D /* CoreData.framework */ = {isa = PBXFileReference; lastKnownFileType = wrapper.framework; name = CoreData.framework; path = System/Library/Frameworks/CoreData.framework; sourceTree = SDKROOT; };
		4DEEAFA71714377800CE180D /* Jian-Info.plist */ = {isa = PBXFileReference; lastKnownFileType = text.plist.xml; path = "Jian-Info.plist"; sourceTree = "<group>"; };
		4DEEAFA91714377800CE180D /* en */ = {isa = PBXFileReference; lastKnownFileType = text.plist.strings; name = en; path = en.lproj/InfoPlist.strings; sourceTree = "<group>"; };
		4DEEAFAB1714377800CE180D /* main.m */ = {isa = PBXFileReference; lastKnownFileType = sourcecode.c.objc; path = main.m; sourceTree = "<group>"; };
		4DEEAFAD1714377800CE180D /* Jian-Prefix.pch */ = {isa = PBXFileReference; lastKnownFileType = sourcecode.c.h; path = "Jian-Prefix.pch"; sourceTree = "<group>"; };
		4DEEAFAE1714377800CE180D /* AppDelegate.h */ = {isa = PBXFileReference; lastKnownFileType = sourcecode.c.h; path = AppDelegate.h; sourceTree = "<group>"; };
		4DEEAFAF1714377800CE180D /* AppDelegate.m */ = {isa = PBXFileReference; lastKnownFileType = sourcecode.c.objc; path = AppDelegate.m; sourceTree = "<group>"; };
		4DEEAFB81714377800CE180D /* Jian.xcdatamodel */ = {isa = PBXFileReference; lastKnownFileType = wrapper.xcdatamodel; path = Jian.xcdatamodel; sourceTree = "<group>"; };
		4DEEAFC0171437DC00CE180D /* JSONKit.h */ = {isa = PBXFileReference; fileEncoding = 4; lastKnownFileType = sourcecode.c.h; path = JSONKit.h; sourceTree = "<group>"; };
		4DEEAFC1171437DC00CE180D /* JSONKit.m */ = {isa = PBXFileReference; fileEncoding = 4; lastKnownFileType = sourcecode.c.objc; path = JSONKit.m; sourceTree = "<group>"; };
		4DEEAFC3171437DC00CE180D /* SinaWeibo.bundle */ = {isa = PBXFileReference; lastKnownFileType = "wrapper.plug-in"; path = SinaWeibo.bundle; sourceTree = "<group>"; };
		4DEEAFC4171437DC00CE180D /* SinaWeibo.h */ = {isa = PBXFileReference; fileEncoding = 4; lastKnownFileType = sourcecode.c.h; path = SinaWeibo.h; sourceTree = "<group>"; };
		4DEEAFC5171437DC00CE180D /* SinaWeibo.m */ = {isa = PBXFileReference; fileEncoding = 4; lastKnownFileType = sourcecode.c.objc; path = SinaWeibo.m; sourceTree = "<group>"; };
		4DEEAFC6171437DC00CE180D /* SinaWeiboAuthorizeView.h */ = {isa = PBXFileReference; fileEncoding = 4; lastKnownFileType = sourcecode.c.h; path = SinaWeiboAuthorizeView.h; sourceTree = "<group>"; };
		4DEEAFC7171437DC00CE180D /* SinaWeiboAuthorizeView.m */ = {isa = PBXFileReference; fileEncoding = 4; lastKnownFileType = sourcecode.c.objc; path = SinaWeiboAuthorizeView.m; sourceTree = "<group>"; };
		4DEEAFC8171437DC00CE180D /* SinaWeiboConstants.h */ = {isa = PBXFileReference; fileEncoding = 4; lastKnownFileType = sourcecode.c.h; path = SinaWeiboConstants.h; sourceTree = "<group>"; };
		4DEEAFC9171437DC00CE180D /* SinaWeiboRequest.h */ = {isa = PBXFileReference; fileEncoding = 4; lastKnownFileType = sourcecode.c.h; path = SinaWeiboRequest.h; sourceTree = "<group>"; };
		4DEEAFCA171437DC00CE180D /* SinaWeiboRequest.m */ = {isa = PBXFileReference; fileEncoding = 4; lastKnownFileType = sourcecode.c.objc; path = SinaWeiboRequest.m; sourceTree = "<group>"; };
		4DEEAFD317143A0900CE180D /* loginbtn_03.png */ = {isa = PBXFileReference; lastKnownFileType = image.png; path = loginbtn_03.png; sourceTree = "<group>"; };
		4DEEAFD417143A0900CE180D /* loginbtn_03@2x.png */ = {isa = PBXFileReference; lastKnownFileType = image.png; path = "loginbtn_03@2x.png"; sourceTree = "<group>"; };
		4DEEAFD717143C3E00CE180D /* LoginViewController.h */ = {isa = PBXFileReference; fileEncoding = 4; lastKnownFileType = sourcecode.c.h; path = LoginViewController.h; sourceTree = "<group>"; };
		4DEEAFD817143C3E00CE180D /* LoginViewController.m */ = {isa = PBXFileReference; fileEncoding = 4; lastKnownFileType = sourcecode.c.objc; path = LoginViewController.m; sourceTree = "<group>"; };
		4DEEAFDA17144EAC00CE180D /* public.h */ = {isa = PBXFileReference; fileEncoding = 4; lastKnownFileType = sourcecode.c.h; name = public.h; path = JSONKit/public.h; sourceTree = "<group>"; };
		4DEEAFE21715B86100CE180D /* JianHome_timelineViewController.h */ = {isa = PBXFileReference; fileEncoding = 4; lastKnownFileType = sourcecode.c.h; path = JianHome_timelineViewController.h; sourceTree = "<group>"; };
		4DEEAFE31715B86100CE180D /* JianHome_timelineViewController.m */ = {isa = PBXFileReference; fileEncoding = 4; lastKnownFileType = sourcecode.c.objc; path = JianHome_timelineViewController.m; sourceTree = "<group>"; };
		4DEEAFE81715BF3100CE180D /* JianDiscover_timelineViewController.h */ = {isa = PBXFileReference; fileEncoding = 4; lastKnownFileType = sourcecode.c.h; path = JianDiscover_timelineViewController.h; sourceTree = "<group>"; };
		4DEEAFE91715BF3200CE180D /* JianDiscover_timelineViewController.m */ = {isa = PBXFileReference; fileEncoding = 4; lastKnownFileType = sourcecode.c.objc; path = JianDiscover_timelineViewController.m; sourceTree = "<group>"; };
		4DEEAFEB1715BF4F00CE180D /* JianCameraViewController.h */ = {isa = PBXFileReference; fileEncoding = 4; lastKnownFileType = sourcecode.c.h; path = JianCameraViewController.h; sourceTree = "<group>"; };
		4DEEAFEC1715BF4F00CE180D /* JianCameraViewController.m */ = {isa = PBXFileReference; fileEncoding = 4; lastKnownFileType = sourcecode.c.objc; path = JianCameraViewController.m; sourceTree = "<group>"; };
		4DEEAFEE1715BF6900CE180D /* JianDefaultViewController.h */ = {isa = PBXFileReference; fileEncoding = 4; lastKnownFileType = sourcecode.c.h; path = JianDefaultViewController.h; sourceTree = "<group>"; };
		4DEEAFEF1715BF6900CE180D /* JianDefaultViewController.m */ = {isa = PBXFileReference; fileEncoding = 4; lastKnownFileType = sourcecode.c.objc; path = JianDefaultViewController.m; sourceTree = "<group>"; };
		4DEEAFF31716DA6400CE180D /* Default.png */ = {isa = PBXFileReference; lastKnownFileType = image.png; name = Default.png; path = ../Default.png; sourceTree = "<group>"; };
		4DEEAFF51716DB1E00CE180D /* Default@2x.png */ = {isa = PBXFileReference; lastKnownFileType = image.png; name = "Default@2x.png"; path = "../Default@2x.png"; sourceTree = "<group>"; };
		4DEEAFF71716E20300CE180D /* Default-568h@2x.png */ = {isa = PBXFileReference; lastKnownFileType = image.png; name = "Default-568h@2x.png"; path = "../Default-568h@2x.png"; sourceTree = "<group>"; };
		4DEEAFF91716E89700CE180D /* Default1.png */ = {isa = PBXFileReference; lastKnownFileType = image.png; path = Default1.png; sourceTree = "<group>"; };
		4DEEB037171856AA00CE180D /* JianTabBar.h */ = {isa = PBXFileReference; fileEncoding = 4; lastKnownFileType = sourcecode.c.h; path = JianTabBar.h; sourceTree = "<group>"; };
		4DEEB038171856AA00CE180D /* JianTabBar.m */ = {isa = PBXFileReference; fileEncoding = 4; lastKnownFileType = sourcecode.c.objc; path = JianTabBar.m; sourceTree = "<group>"; };
		4DEEB03A1718570A00CE180D /* JianTab.h */ = {isa = PBXFileReference; fileEncoding = 4; lastKnownFileType = sourcecode.c.h; path = JianTab.h; sourceTree = "<group>"; };
		4DEEB03B1718570A00CE180D /* JianTab.m */ = {isa = PBXFileReference; fileEncoding = 4; lastKnownFileType = sourcecode.c.objc; path = JianTab.m; sourceTree = "<group>"; };
		4DEEB03D1718578800CE180D /* JianTabBarView.h */ = {isa = PBXFileReference; fileEncoding = 4; lastKnownFileType = sourcecode.c.h; path = JianTabBarView.h; sourceTree = "<group>"; };
		4DEEB03E1718578800CE180D /* JianTabBarView.m */ = {isa = PBXFileReference; fileEncoding = 4; lastKnownFileType = sourcecode.c.objc; path = JianTabBarView.m; sourceTree = "<group>"; };
		4DEEB040171857C800CE180D /* UINavigationController+JianTabBarController.h */ = {isa = PBXFileReference; fileEncoding = 4; lastKnownFileType = sourcecode.c.h; path = "UINavigationController+JianTabBarController.h"; sourceTree = "<group>"; };
		4DEEB041171857C800CE180D /* UINavigationController+JianTabBarController.m */ = {isa = PBXFileReference; fileEncoding = 4; lastKnownFileType = sourcecode.c.objc; path = "UINavigationController+JianTabBarController.m"; sourceTree = "<group>"; };
		4DEEB0431718581600CE180D /* UIViewController+JianTabBarControllerViewController.h */ = {isa = PBXFileReference; fileEncoding = 4; lastKnownFileType = sourcecode.c.h; path = "UIViewController+JianTabBarControllerViewController.h"; sourceTree = "<group>"; };
		4DEEB0441718581700CE180D /* UIViewController+JianTabBarControllerViewController.m */ = {isa = PBXFileReference; fileEncoding = 4; lastKnownFileType = sourcecode.c.objc; path = "UIViewController+JianTabBarControllerViewController.m"; sourceTree = "<group>"; };
		4DEEB046171858B200CE180D /* JianTabBarController.h */ = {isa = PBXFileReference; fileEncoding = 4; lastKnownFileType = sourcecode.c.h; path = JianTabBarController.h; sourceTree = "<group>"; };
		4DEEB047171858B200CE180D /* JianTabBarController.m */ = {isa = PBXFileReference; fileEncoding = 4; lastKnownFileType = sourcecode.c.objc; path = JianTabBarController.m; sourceTree = "<group>"; };
		4DEEB04917185B8500CE180D /* AKTabBarController.bundle */ = {isa = PBXFileReference; lastKnownFileType = "wrapper.plug-in"; path = AKTabBarController.bundle; sourceTree = "<group>"; };
		4DEEB04B17185C9000CE180D /* QuartzCore.framework */ = {isa = PBXFileReference; lastKnownFileType = wrapper.framework; name = QuartzCore.framework; path = System/Library/Frameworks/QuartzCore.framework; sourceTree = SDKROOT; };
		4DEEB04D17185DE400CE180D /* noise-dark-blue.png */ = {isa = PBXFileReference; lastKnownFileType = image.png; path = "noise-dark-blue.png"; sourceTree = "<group>"; };
		4DEEB04E17185DE400CE180D /* noise-dark-blue@2x.png */ = {isa = PBXFileReference; lastKnownFileType = image.png; path = "noise-dark-blue@2x.png"; sourceTree = "<group>"; };
		4DEEB04F17185DE400CE180D /* noise-dark-gray.png */ = {isa = PBXFileReference; lastKnownFileType = image.png; path = "noise-dark-gray.png"; sourceTree = "<group>"; };
		4DEEB05017185DE400CE180D /* noise-dark-gray@2x.png */ = {isa = PBXFileReference; lastKnownFileType = image.png; path = "noise-dark-gray@2x.png"; sourceTree = "<group>"; };
		4DEEB085171877DF00CE180D /* JianCommentViewController.h */ = {isa = PBXFileReference; fileEncoding = 4; lastKnownFileType = sourcecode.c.h; path = JianCommentViewController.h; sourceTree = "<group>"; };
		4DEEB086171877E000CE180D /* JianCommentViewController.m */ = {isa = PBXFileReference; fileEncoding = 4; lastKnownFileType = sourcecode.c.objc; path = JianCommentViewController.m; sourceTree = "<group>"; };
		4DEEB08817187CF000CE180D /* cameraicon.png */ = {isa = PBXFileReference; lastKnownFileType = image.png; path = cameraicon.png; sourceTree = "<group>"; };
		4DEEB08917187CF100CE180D /* cameraicon@2x.png */ = {isa = PBXFileReference; lastKnownFileType = image.png; path = "cameraicon@2x.png"; sourceTree = "<group>"; };
		4DEEB08C17187D0100CE180D /* defaulticon.png */ = {isa = PBXFileReference; lastKnownFileType = image.png; path = defaulticon.png; sourceTree = "<group>"; };
		4DEEB08D17187D0200CE180D /* defaulticon@2x.png */ = {isa = PBXFileReference; lastKnownFileType = image.png; path = "defaulticon@2x.png"; sourceTree = "<group>"; };
		4DEEB08E17187D0200CE180D /* discovericon.png */ = {isa = PBXFileReference; lastKnownFileType = image.png; path = discovericon.png; sourceTree = "<group>"; };
		4DEEB08F17187D0300CE180D /* discovericon@2x.png */ = {isa = PBXFileReference; lastKnownFileType = image.png; path = "discovericon@2x.png"; sourceTree = "<group>"; };
		4DEEB09017187D0400CE180D /* homeicon.png */ = {isa = PBXFileReference; lastKnownFileType = image.png; path = homeicon.png; sourceTree = "<group>"; };
		4DEEB09117187D0500CE180D /* homeicon@2x.png */ = {isa = PBXFileReference; lastKnownFileType = image.png; path = "homeicon@2x.png"; sourceTree = "<group>"; };
		4DEEB09817187E5300CE180D /* commenticon.png */ = {isa = PBXFileReference; lastKnownFileType = image.png; path = commenticon.png; sourceTree = "<group>"; };
		4DEEB09917187E5400CE180D /* commenticon@2x.png */ = {isa = PBXFileReference; lastKnownFileType = image.png; path = "commenticon@2x.png"; sourceTree = "<group>"; };
		9F1B8BBD1726BDF40065BA5F /* fancybox_loading6.png */ = {isa = PBXFileReference; lastKnownFileType = image.png; path = fancybox_loading6.png; sourceTree = "<group>"; };
		9F1B8BBE1726BDF50065BA5F /* fancybox_loading5.png */ = {isa = PBXFileReference; lastKnownFileType = image.png; path = fancybox_loading5.png; sourceTree = "<group>"; };
		9F1B8BBF1726BDF60065BA5F /* fancybox_loading4.png */ = {isa = PBXFileReference; lastKnownFileType = image.png; path = fancybox_loading4.png; sourceTree = "<group>"; };
		9F1B8BC01726BDF70065BA5F /* fancybox_loading3.png */ = {isa = PBXFileReference; lastKnownFileType = image.png; path = fancybox_loading3.png; sourceTree = "<group>"; };
		9F1B8BC11726BDF90065BA5F /* fancybox_loading2.png */ = {isa = PBXFileReference; lastKnownFileType = image.png; path = fancybox_loading2.png; sourceTree = "<group>"; };
		9F1B8BC21726BDFB0065BA5F /* fancybox_loading8.png */ = {isa = PBXFileReference; lastKnownFileType = image.png; path = fancybox_loading8.png; sourceTree = "<group>"; };
		9F1B8BC31726BDFD0065BA5F /* fancybox_loading9.png */ = {isa = PBXFileReference; lastKnownFileType = image.png; path = fancybox_loading9.png; sourceTree = "<group>"; };
		9F1B8BC41726BDFF0065BA5F /* fancybox_loading10.png */ = {isa = PBXFileReference; lastKnownFileType = image.png; path = fancybox_loading10.png; sourceTree = "<group>"; };
		9F1B8BC51726BE020065BA5F /* fancybox_loading11.png */ = {isa = PBXFileReference; lastKnownFileType = image.png; path = fancybox_loading11.png; sourceTree = "<group>"; };
		9F1B8BC61726BE050065BA5F /* fancybox_loading12.png */ = {isa = PBXFileReference; lastKnownFileType = image.png; path = fancybox_loading12.png; sourceTree = "<group>"; };
		9F1B8BC71726BE080065BA5F /* fancybox_loading1.png */ = {isa = PBXFileReference; lastKnownFileType = image.png; path = fancybox_loading1.png; sourceTree = "<group>"; };
		9F1B8BC81726BE0C0065BA5F /* fancybox_loading7.png */ = {isa = PBXFileReference; lastKnownFileType = image.png; path = fancybox_loading7.png; sourceTree = "<group>"; };
		9F1B8BE01726DE5A0065BA5F /* EGORefreshTableHeaderView.h */ = {isa = PBXFileReference; fileEncoding = 4; lastKnownFileType = sourcecode.c.h; path = EGORefreshTableHeaderView.h; sourceTree = "<group>"; };
		9F1B8BE11726DE5A0065BA5F /* EGORefreshTableHeaderView.m */ = {isa = PBXFileReference; fileEncoding = 4; lastKnownFileType = sourcecode.c.objc; path = EGORefreshTableHeaderView.m; sourceTree = "<group>"; };
		9F1B8BE31726DE700065BA5F /* grayArrow.png */ = {isa = PBXFileReference; lastKnownFileType = image.png; path = grayArrow.png; sourceTree = "<group>"; };
		9F1B8BE41726DE700065BA5F /* grayArrow@2x.png */ = {isa = PBXFileReference; lastKnownFileType = image.png; path = "grayArrow@2x.png"; sourceTree = "<group>"; };
		9F1B8BE71726DE830065BA5F /* blackArrow.png */ = {isa = PBXFileReference; lastKnownFileType = image.png; path = blackArrow.png; sourceTree = "<group>"; };
		9F1B8BE81726DE830065BA5F /* blackArrow@2x.png */ = {isa = PBXFileReference; lastKnownFileType = image.png; path = "blackArrow@2x.png"; sourceTree = "<group>"; };
		9F1B8BE91726DE830065BA5F /* blueArrow.png */ = {isa = PBXFileReference; lastKnownFileType = image.png; path = blueArrow.png; sourceTree = "<group>"; };
		9F1B8BEA1726DE830065BA5F /* blueArrow@2x.png */ = {isa = PBXFileReference; lastKnownFileType = image.png; path = "blueArrow@2x.png"; sourceTree = "<group>"; };
		9F1B8BEF1726DE980065BA5F /* whiteArrow.png */ = {isa = PBXFileReference; lastKnownFileType = image.png; path = whiteArrow.png; sourceTree = "<group>"; };
		9F1B8BF01726DE980065BA5F /* whiteArrow@2x.png */ = {isa = PBXFileReference; lastKnownFileType = image.png; path = "whiteArrow@2x.png"; sourceTree = "<group>"; };
/* End PBXFileReference section */

/* Begin PBXFrameworksBuildPhase section */
		4DEEAF971714377800CE180D /* Frameworks */ = {
			isa = PBXFrameworksBuildPhase;
			buildActionMask = 2147483647;
			files = (
				4DEEB04C17185C9000CE180D /* QuartzCore.framework in Frameworks */,
				4DEEAF9E1714377800CE180D /* UIKit.framework in Frameworks */,
				4DEEAFA01714377800CE180D /* Foundation.framework in Frameworks */,
				4DEEAFA21714377800CE180D /* CoreGraphics.framework in Frameworks */,
				4DEEAFA41714377800CE180D /* CoreData.framework in Frameworks */,
			);
			runOnlyForDeploymentPostprocessing = 0;
		};
/* End PBXFrameworksBuildPhase section */

/* Begin PBXGroup section */
		4DEEAF911714377800CE180D = {
			isa = PBXGroup;
			children = (
				4DEEAFA51714377800CE180D /* Jian */,
				4DEEAF9C1714377800CE180D /* Frameworks */,
				4DEEAF9B1714377800CE180D /* Products */,
			);
			sourceTree = "<group>";
		};
		4DEEAF9B1714377800CE180D /* Products */ = {
			isa = PBXGroup;
			children = (
				4DEEAF9A1714377800CE180D /* Jian.app */,
			);
			name = Products;
			sourceTree = "<group>";
		};
		4DEEAF9C1714377800CE180D /* Frameworks */ = {
			isa = PBXGroup;
			children = (
				4DEEB04B17185C9000CE180D /* QuartzCore.framework */,
				4DEEAF9D1714377800CE180D /* UIKit.framework */,
				4DEEAF9F1714377800CE180D /* Foundation.framework */,
				4DEEAFA11714377800CE180D /* CoreGraphics.framework */,
				4DEEAFA31714377800CE180D /* CoreData.framework */,
			);
			name = Frameworks;
			sourceTree = "<group>";
		};
		4DEEAFA51714377800CE180D /* Jian */ = {
			isa = PBXGroup;
			children = (
				9F1B8BDF1726DE340065BA5F /* EGORefreshTableHeaderView */,
				4DEEB0361718568800CE180D /* JianTabBarController */,
				4DEEB00B1717103900CE180D /* images */,
				4DEEAFBF171437DC00CE180D /* JSONKit */,
				4DEEAFDA17144EAC00CE180D /* public.h */,
				4DEEAFC2171437DC00CE180D /* SinaWeibo */,
				4DEEAFAE1714377800CE180D /* AppDelegate.h */,
				4DEEAFAF1714377800CE180D /* AppDelegate.m */,
				4DEEAFD717143C3E00CE180D /* LoginViewController.h */,
				4DEEAFD817143C3E00CE180D /* LoginViewController.m */,
				4DEEAFE21715B86100CE180D /* JianHome_timelineViewController.h */,
				4DEEAFE31715B86100CE180D /* JianHome_timelineViewController.m */,
				4DEEAFE81715BF3100CE180D /* JianDiscover_timelineViewController.h */,
				4DEEAFE91715BF3200CE180D /* JianDiscover_timelineViewController.m */,
				4DEEAFEB1715BF4F00CE180D /* JianCameraViewController.h */,
				4DEEAFEC1715BF4F00CE180D /* JianCameraViewController.m */,
				4DEEAFEE1715BF6900CE180D /* JianDefaultViewController.h */,
				4DEEAFEF1715BF6900CE180D /* JianDefaultViewController.m */,
				4DEEB085171877DF00CE180D /* JianCommentViewController.h */,
				4DEEB086171877E000CE180D /* JianCommentViewController.m */,
				4DEEAFB71714377800CE180D /* Jian.xcdatamodeld */,
				4DEEAFA61714377800CE180D /* Supporting Files */,
			);
			path = Jian;
			sourceTree = "<group>";
		};
		4DEEAFA61714377800CE180D /* Supporting Files */ = {
			isa = PBXGroup;
			children = (
				4DEEAFA71714377800CE180D /* Jian-Info.plist */,
				4DEEAFF31716DA6400CE180D /* Default.png */,
				4DEEAFF51716DB1E00CE180D /* Default@2x.png */,
				4DEEAFF71716E20300CE180D /* Default-568h@2x.png */,
				4DEEAFA81714377800CE180D /* InfoPlist.strings */,
				4DEEAFAB1714377800CE180D /* main.m */,
				4DEEAFAD1714377800CE180D /* Jian-Prefix.pch */,
			);
			name = "Supporting Files";
			sourceTree = "<group>";
		};
		4DEEAFBF171437DC00CE180D /* JSONKit */ = {
			isa = PBXGroup;
			children = (
				4DEEAFC0171437DC00CE180D /* JSONKit.h */,
				4DEEAFC1171437DC00CE180D /* JSONKit.m */,
			);
			path = JSONKit;
			sourceTree = "<group>";
		};
		4DEEAFC2171437DC00CE180D /* SinaWeibo */ = {
			isa = PBXGroup;
			children = (
				4DEEAFC3171437DC00CE180D /* SinaWeibo.bundle */,
				4DEEAFC4171437DC00CE180D /* SinaWeibo.h */,
				4DEEAFC5171437DC00CE180D /* SinaWeibo.m */,
				4DEEAFC6171437DC00CE180D /* SinaWeiboAuthorizeView.h */,
				4DEEAFC7171437DC00CE180D /* SinaWeiboAuthorizeView.m */,
				4DEEAFC8171437DC00CE180D /* SinaWeiboConstants.h */,
				4DEEAFC9171437DC00CE180D /* SinaWeiboRequest.h */,
				4DEEAFCA171437DC00CE180D /* SinaWeiboRequest.m */,
			);
			path = SinaWeibo;
			sourceTree = "<group>";
		};
		4DEEB00B1717103900CE180D /* images */ = {
			isa = PBXGroup;
			children = (
				9F1B8BBD1726BDF40065BA5F /* fancybox_loading6.png */,
				9F1B8BBE1726BDF50065BA5F /* fancybox_loading5.png */,
				9F1B8BBF1726BDF60065BA5F /* fancybox_loading4.png */,
				9F1B8BC01726BDF70065BA5F /* fancybox_loading3.png */,
				9F1B8BC11726BDF90065BA5F /* fancybox_loading2.png */,
				9F1B8BC21726BDFB0065BA5F /* fancybox_loading8.png */,
				9F1B8BC31726BDFD0065BA5F /* fancybox_loading9.png */,
				9F1B8BC41726BDFF0065BA5F /* fancybox_loading10.png */,
				9F1B8BC51726BE020065BA5F /* fancybox_loading11.png */,
				9F1B8BC61726BE050065BA5F /* fancybox_loading12.png */,
				9F1B8BC71726BE080065BA5F /* fancybox_loading1.png */,
				9F1B8BC81726BE0C0065BA5F /* fancybox_loading7.png */,
				4DEEB09817187E5300CE180D /* commenticon.png */,
				4DEEB09917187E5400CE180D /* commenticon@2x.png */,
				4DEEB08C17187D0100CE180D /* defaulticon.png */,
				4DEEB08D17187D0200CE180D /* defaulticon@2x.png */,
				4DEEB08E17187D0200CE180D /* discovericon.png */,
				4DEEB08F17187D0300CE180D /* discovericon@2x.png */,
				4DEEB09017187D0400CE180D /* homeicon.png */,
				4DEEB09117187D0500CE180D /* homeicon@2x.png */,
				4DEEB08817187CF000CE180D /* cameraicon.png */,
				4DEEB08917187CF100CE180D /* cameraicon@2x.png */,
				4DEEAFD317143A0900CE180D /* loginbtn_03.png */,
				4DEEAFD417143A0900CE180D /* loginbtn_03@2x.png */,
				4DEEAFF91716E89700CE180D /* Default1.png */,
				4DEEB04D17185DE400CE180D /* noise-dark-blue.png */,
				4DEEB04E17185DE400CE180D /* noise-dark-blue@2x.png */,
				4DEEB04F17185DE400CE180D /* noise-dark-gray.png */,
				4DEEB05017185DE400CE180D /* noise-dark-gray@2x.png */,
			);
			name = images;
			sourceTree = "<group>";
		};
		4DEEB0361718568800CE180D /* JianTabBarController */ = {
			isa = PBXGroup;
			children = (
				4DEEB046171858B200CE180D /* JianTabBarController.h */,
				4DEEB047171858B200CE180D /* JianTabBarController.m */,
				4DEEB03A1718570A00CE180D /* JianTab.h */,
				4DEEB03B1718570A00CE180D /* JianTab.m */,
				4DEEB037171856AA00CE180D /* JianTabBar.h */,
				4DEEB038171856AA00CE180D /* JianTabBar.m */,
				4DEEB03D1718578800CE180D /* JianTabBarView.h */,
				4DEEB03E1718578800CE180D /* JianTabBarView.m */,
				4DEEB040171857C800CE180D /* UINavigationController+JianTabBarController.h */,
				4DEEB041171857C800CE180D /* UINavigationController+JianTabBarController.m */,
				4DEEB0431718581600CE180D /* UIViewController+JianTabBarControllerViewController.h */,
				4DEEB0441718581700CE180D /* UIViewController+JianTabBarControllerViewController.m */,
				4DEEB04917185B8500CE180D /* AKTabBarController.bundle */,
			);
			name = JianTabBarController;
			sourceTree = "<group>";
		};
		9F1B8BDF1726DE340065BA5F /* EGORefreshTableHeaderView */ = {
			isa = PBXGroup;
			children = (
				9F1B8BE01726DE5A0065BA5F /* EGORefreshTableHeaderView.h */,
				9F1B8BE11726DE5A0065BA5F /* EGORefreshTableHeaderView.m */,
				9F1B8BE31726DE700065BA5F /* grayArrow.png */,
				9F1B8BE41726DE700065BA5F /* grayArrow@2x.png */,
				9F1B8BE71726DE830065BA5F /* blackArrow.png */,
				9F1B8BE81726DE830065BA5F /* blackArrow@2x.png */,
				9F1B8BE91726DE830065BA5F /* blueArrow.png */,
				9F1B8BEA1726DE830065BA5F /* blueArrow@2x.png */,
				9F1B8BEF1726DE980065BA5F /* whiteArrow.png */,
				9F1B8BF01726DE980065BA5F /* whiteArrow@2x.png */,
			);
			name = EGORefreshTableHeaderView;
			sourceTree = "<group>";
		};
/* End PBXGroup section */

/* Begin PBXNativeTarget section */
		4DEEAF991714377800CE180D /* Jian */ = {
			isa = PBXNativeTarget;
			buildConfigurationList = 4DEEAFBC1714377800CE180D /* Build configuration list for PBXNativeTarget "Jian" */;
			buildPhases = (
				4DEEAF961714377800CE180D /* Sources */,
				4DEEAF971714377800CE180D /* Frameworks */,
				4DEEAF981714377800CE180D /* Resources */,
			);
			buildRules = (
			);
			dependencies = (
			);
			name = Jian;
			productName = Jian;
			productReference = 4DEEAF9A1714377800CE180D /* Jian.app */;
			productType = "com.apple.product-type.application";
		};
/* End PBXNativeTarget section */

/* Begin PBXProject section */
		4DEEAF921714377800CE180D /* Project object */ = {
			isa = PBXProject;
			attributes = {
				LastUpgradeCheck = 0460;
				ORGANIZATIONNAME = "卫 强";
			};
			buildConfigurationList = 4DEEAF951714377800CE180D /* Build configuration list for PBXProject "Jian" */;
			compatibilityVersion = "Xcode 3.2";
			developmentRegion = English;
			hasScannedForEncodings = 0;
			knownRegions = (
				en,
			);
			mainGroup = 4DEEAF911714377800CE180D;
			productRefGroup = 4DEEAF9B1714377800CE180D /* Products */;
			projectDirPath = "";
			projectRoot = "";
			targets = (
				4DEEAF991714377800CE180D /* Jian */,
			);
		};
/* End PBXProject section */

/* Begin PBXResourcesBuildPhase section */
		4DEEAF981714377800CE180D /* Resources */ = {
			isa = PBXResourcesBuildPhase;
			buildActionMask = 2147483647;
			files = (
				4DEEAFAA1714377800CE180D /* InfoPlist.strings in Resources */,
				4DEEAFCC171437DC00CE180D /* SinaWeibo.bundle in Resources */,
				4DEEAFD517143A0900CE180D /* loginbtn_03.png in Resources */,
				4DEEAFD617143A0900CE180D /* loginbtn_03@2x.png in Resources */,
				4DEEAFF41716DA6400CE180D /* Default.png in Resources */,
				4DEEAFF61716DB1E00CE180D /* Default@2x.png in Resources */,
				4DEEAFF81716E20300CE180D /* Default-568h@2x.png in Resources */,
				4DEEAFFA1716E89700CE180D /* Default1.png in Resources */,
				4DEEB04A17185B8500CE180D /* AKTabBarController.bundle in Resources */,
				4DEEB05117185DE400CE180D /* noise-dark-blue.png in Resources */,
				4DEEB05217185DE400CE180D /* noise-dark-blue@2x.png in Resources */,
				4DEEB05317185DE400CE180D /* noise-dark-gray.png in Resources */,
				4DEEB05417185DE400CE180D /* noise-dark-gray@2x.png in Resources */,
				4DEEB08A17187CF300CE180D /* cameraicon.png in Resources */,
				4DEEB08B17187CF300CE180D /* cameraicon@2x.png in Resources */,
				4DEEB09217187D0600CE180D /* defaulticon.png in Resources */,
				4DEEB09317187D0600CE180D /* defaulticon@2x.png in Resources */,
				4DEEB09417187D0600CE180D /* discovericon.png in Resources */,
				4DEEB09517187D0600CE180D /* discovericon@2x.png in Resources */,
				4DEEB09617187D0600CE180D /* homeicon.png in Resources */,
				4DEEB09717187D0600CE180D /* homeicon@2x.png in Resources */,
				4DEEB09A17187E5500CE180D /* commenticon.png in Resources */,
				4DEEB09B17187E5500CE180D /* commenticon@2x.png in Resources */,
				9F1B8BC91726BE110065BA5F /* fancybox_loading6.png in Resources */,
				9F1B8BCA1726BE110065BA5F /* fancybox_loading5.png in Resources */,
				9F1B8BCB1726BE110065BA5F /* fancybox_loading4.png in Resources */,
				9F1B8BCC1726BE110065BA5F /* fancybox_loading3.png in Resources */,
				9F1B8BCD1726BE110065BA5F /* fancybox_loading2.png in Resources */,
				9F1B8BCE1726BE110065BA5F /* fancybox_loading8.png in Resources */,
				9F1B8BCF1726BE110065BA5F /* fancybox_loading9.png in Resources */,
				9F1B8BD01726BE110065BA5F /* fancybox_loading10.png in Resources */,
				9F1B8BD11726BE110065BA5F /* fancybox_loading11.png in Resources */,
				9F1B8BD21726BE110065BA5F /* fancybox_loading12.png in Resources */,
				9F1B8BD31726BE110065BA5F /* fancybox_loading1.png in Resources */,
				9F1B8BD41726BE110065BA5F /* fancybox_loading7.png in Resources */,
				9F1B8BE51726DE700065BA5F /* grayArrow.png in Resources */,
				9F1B8BE61726DE700065BA5F /* grayArrow@2x.png in Resources */,
				9F1B8BEB1726DE830065BA5F /* blackArrow.png in Resources */,
				9F1B8BEC1726DE830065BA5F /* blackArrow@2x.png in Resources */,
				9F1B8BED1726DE830065BA5F /* blueArrow.png in Resources */,
				9F1B8BEE1726DE830065BA5F /* blueArrow@2x.png in Resources */,
				9F1B8BF11726DE980065BA5F /* whiteArrow.png in Resources */,
				9F1B8BF21726DE980065BA5F /* whiteArrow@2x.png in Resources */,
			);
			runOnlyForDeploymentPostprocessing = 0;
		};
/* End PBXResourcesBuildPhase section */

/* Begin PBXSourcesBuildPhase section */
		4DEEAF961714377800CE180D /* Sources */ = {
			isa = PBXSourcesBuildPhase;
			buildActionMask = 2147483647;
			files = (
				4DEEAFAC1714377800CE180D /* main.m in Sources */,
				4DEEAFB01714377800CE180D /* AppDelegate.m in Sources */,
				4DEEAFB91714377800CE180D /* Jian.xcdatamodeld in Sources */,
				4DEEAFCB171437DC00CE180D /* JSONKit.m in Sources */,
				4DEEAFCD171437DC00CE180D /* SinaWeibo.m in Sources */,
				4DEEAFCE171437DC00CE180D /* SinaWeiboAuthorizeView.m in Sources */,
				4DEEAFCF171437DC00CE180D /* SinaWeiboRequest.m in Sources */,
				4DEEAFD917143C3E00CE180D /* LoginViewController.m in Sources */,
				4DEEAFE41715B86100CE180D /* JianHome_timelineViewController.m in Sources */,
				4DEEAFEA1715BF3200CE180D /* JianDiscover_timelineViewController.m in Sources */,
				4DEEAFED1715BF4F00CE180D /* JianCameraViewController.m in Sources */,
				4DEEAFF01715BF6A00CE180D /* JianDefaultViewController.m in Sources */,
				4DEEB039171856AA00CE180D /* JianTabBar.m in Sources */,
				4DEEB03C1718570A00CE180D /* JianTab.m in Sources */,
				4DEEB03F1718578800CE180D /* JianTabBarView.m in Sources */,
				4DEEB042171857C800CE180D /* UINavigationController+JianTabBarController.m in Sources */,
				4DEEB0451718581700CE180D /* UIViewController+JianTabBarControllerViewController.m in Sources */,
				4DEEB048171858B300CE180D /* JianTabBarController.m in Sources */,
				4DEEB087171877E100CE180D /* JianCommentViewController.m in Sources */,
				9F1B8BE21726DE5A0065BA5F /* EGORefreshTableHeaderView.m in Sources */,
			);
			runOnlyForDeploymentPostprocessing = 0;
		};
/* End PBXSourcesBuildPhase section */

/* Begin PBXVariantGroup section */
		4DEEAFA81714377800CE180D /* InfoPlist.strings */ = {
			isa = PBXVariantGroup;
			children = (
				4DEEAFA91714377800CE180D /* en */,
			);
			name = InfoPlist.strings;
			sourceTree = "<group>";
		};
/* End PBXVariantGroup section */

/* Begin XCBuildConfiguration section */
		4DEEAFBA1714377800CE180D /* Debug */ = {
			isa = XCBuildConfiguration;
			buildSettings = {
				ALWAYS_SEARCH_USER_PATHS = NO;
				CLANG_CXX_LANGUAGE_STANDARD = "gnu++0x";
				CLANG_CXX_LIBRARY = "libc++";
				CLANG_ENABLE_OBJC_ARC = YES;
				CLANG_WARN_CONSTANT_CONVERSION = YES;
				CLANG_WARN_EMPTY_BODY = YES;
				CLANG_WARN_ENUM_CONVERSION = YES;
				CLANG_WARN_INT_CONVERSION = YES;
				CLANG_WARN__DUPLICATE_METHOD_MATCH = YES;
				"CODE_SIGN_IDENTITY[sdk=iphoneos*]" = "iPhone Developer";
				COPY_PHASE_STRIP = NO;
				GCC_C_LANGUAGE_STANDARD = gnu99;
				GCC_DYNAMIC_NO_PIC = NO;
				GCC_OPTIMIZATION_LEVEL = 0;
				GCC_PREPROCESSOR_DEFINITIONS = (
					"DEBUG=1",
					"$(inherited)",
				);
				GCC_SYMBOLS_PRIVATE_EXTERN = NO;
				GCC_WARN_ABOUT_RETURN_TYPE = YES;
				GCC_WARN_UNINITIALIZED_AUTOS = YES;
				GCC_WARN_UNUSED_VARIABLE = YES;
				IPHONEOS_DEPLOYMENT_TARGET = 6.1;
				ONLY_ACTIVE_ARCH = YES;
				SDKROOT = iphoneos;
				TARGETED_DEVICE_FAMILY = "1,2";
			};
			name = Debug;
		};
		4DEEAFBB1714377800CE180D /* Release */ = {
			isa = XCBuildConfiguration;
			buildSettings = {
				ALWAYS_SEARCH_USER_PATHS = NO;
				CLANG_CXX_LANGUAGE_STANDARD = "gnu++0x";
				CLANG_CXX_LIBRARY = "libc++";
				CLANG_ENABLE_OBJC_ARC = YES;
				CLANG_WARN_CONSTANT_CONVERSION = YES;
				CLANG_WARN_EMPTY_BODY = YES;
				CLANG_WARN_ENUM_CONVERSION = YES;
				CLANG_WARN_INT_CONVERSION = YES;
				CLANG_WARN__DUPLICATE_METHOD_MATCH = YES;
				"CODE_SIGN_IDENTITY[sdk=iphoneos*]" = "iPhone Developer";
				COPY_PHASE_STRIP = YES;
				GCC_C_LANGUAGE_STANDARD = gnu99;
				GCC_WARN_ABOUT_RETURN_TYPE = YES;
				GCC_WARN_UNINITIALIZED_AUTOS = YES;
				GCC_WARN_UNUSED_VARIABLE = YES;
				IPHONEOS_DEPLOYMENT_TARGET = 6.1;
				OTHER_CFLAGS = "-DNS_BLOCK_ASSERTIONS=1";
				SDKROOT = iphoneos;
				TARGETED_DEVICE_FAMILY = "1,2";
				VALIDATE_PRODUCT = YES;
			};
			name = Release;
		};
		4DEEAFBD1714377800CE180D /* Debug */ = {
			isa = XCBuildConfiguration;
			buildSettings = {
				GCC_PRECOMPILE_PREFIX_HEADER = YES;
				GCC_PREFIX_HEADER = "Jian/Jian-Prefix.pch";
				INFOPLIST_FILE = "Jian/Jian-Info.plist";
				IPHONEOS_DEPLOYMENT_TARGET = 5.0;
				PRODUCT_NAME = "$(TARGET_NAME)";
				WRAPPER_EXTENSION = app;
			};
			name = Debug;
		};
		4DEEAFBE1714377800CE180D /* Release */ = {
			isa = XCBuildConfiguration;
			buildSettings = {
				GCC_PRECOMPILE_PREFIX_HEADER = YES;
				GCC_PREFIX_HEADER = "Jian/Jian-Prefix.pch";
				INFOPLIST_FILE = "Jian/Jian-Info.plist";
				IPHONEOS_DEPLOYMENT_TARGET = 5.0;
				PRODUCT_NAME = "$(TARGET_NAME)";
				WRAPPER_EXTENSION = app;
			};
			name = Release;
		};
/* End XCBuildConfiguration section */

/* Begin XCConfigurationList section */
		4DEEAF951714377800CE180D /* Build configuration list for PBXProject "Jian" */ = {
			isa = XCConfigurationList;
			buildConfigurations = (
				4DEEAFBA1714377800CE180D /* Debug */,
				4DEEAFBB1714377800CE180D /* Release */,
			);
			defaultConfigurationIsVisible = 0;
			defaultConfigurationName = Release;
		};
		4DEEAFBC1714377800CE180D /* Build configuration list for PBXNativeTarget "Jian" */ = {
			isa = XCConfigurationList;
			buildConfigurations = (
				4DEEAFBD1714377800CE180D /* Debug */,
				4DEEAFBE1714377800CE180D /* Release */,
			);
			defaultConfigurationIsVisible = 0;
			defaultConfigurationName = Release;
		};
/* End XCConfigurationList section */

/* Begin XCVersionGroup section */
		4DEEAFB71714377800CE180D /* Jian.xcdatamodeld */ = {
			isa = XCVersionGroup;
			children = (
				4DEEAFB81714377800CE180D /* Jian.xcdatamodel */,
			);
			currentVersion = 4DEEAFB81714377800CE180D /* Jian.xcdatamodel */;
			path = Jian.xcdatamodeld;
			sourceTree = "<group>";
			versionGroupType = wrapper.xcdatamodel;
		};
/* End XCVersionGroup section */
	};
	rootObject = 4DEEAF921714377800CE180D /* Project object */;
}
